
Microsoft Visual Studio Solution File, Format Version 12.00
# Visual Studio 2013
VisualStudioVersion = 12.0.40629.0
MinimumVisualStudioVersion = 10.0.40219.1
Project("{E24C65DC-7377-472B-9ABA-BC803B73C61A}") = "ThreeSunSystem", "http://localhost:50630", "{684B663D-1476-4519-8F2E-720BBD1E2518}"
	ProjectSection(WebsiteProperties) = preProject
		UseIISExpress = "true"
		TargetFrameworkMoniker = ".NETFramework,Version%3Dv4.0"
		Debug.AspNetCompiler.VirtualPath = "/localhost_50630"
		Debug.AspNetCompiler.PhysicalPath = "D:\111\ThreeSunSystem\"
		Debug.AspNetCompiler.TargetPath = "PrecompiledWeb\localhost_50630\"
		Debug.AspNetCompiler.Updateable = "true"
		Debug.AspNetCompiler.ForceOverwrite = "true"
		Debug.AspNetCompiler.FixedNames = "false"
		Debug.AspNetCompiler.Debug = "True"
		Release.AspNetCompiler.VirtualPath = "/localhost_50630"
		Release.AspNetCompiler.PhysicalPath = "D:\111\ThreeSunSystem\"
		Release.AspNetCompiler.TargetPath = "PrecompiledWeb\localhost_50630\"
		Release.AspNetCompiler.Updateable = "true"
		Release.AspNetCompiler.ForceOverwrite = "true"
		Release.AspNetCompiler.FixedNames = "false"
		Release.AspNetCompiler.Debug = "False"
		SlnRelativePath = "D:\111\ThreeSunSystem\"
	EndProjectSection
EndProject
Global
	GlobalSection(SolutionConfigurationPlatforms) = preSolution
		Debug|Any CPU = Debug|Any CPU
	EndGlobalSection
	GlobalSection(ProjectConfigurationPlatforms) = postSolution
		{684B663D-1476-4519-8F2E-720BBD1E2518}.Debug|Any CPU.ActiveCfg = Debug|Any CPU
		{684B663D-1476-4519-8F2E-720BBD1E2518}.Debug|Any CPU.Build.0 = Debug|Any CPU
	EndGlobalSection
	GlobalSection(SolutionProperties) = preSolution
		HideSolutionNode = FALSE
	EndGlobalSection
EndGlobal
